
Microsoft Visual Studio Solution File, Format Version 12.00
# Visual Studio 2013
VisualStudioVersion = 12.0.30723.0
MinimumVisualStudioVersion = 10.0.40219.1
Project("{FAE04EC0-301F-11D3-BF4B-00C04F79EFBC}") = "ISorter", "Sorter\ISorter.csproj", "{AD688AD5-50E6-47B9-AE80-9C6D8695BFBC}"
EndProject
Project("{FAE04EC0-301F-11D3-BF4B-00C04F79EFBC}") = "BubbleSort", "BubbleSort\BubbleSort.csproj", "{E8D71688-7BA8-42F1-9E4E-E9B3BCF60AF1}"
EndProject
Project("{FAE04EC0-301F-11D3-BF4B-00C04F79EFBC}") = "InsertionSort", "InsertionSort\InsertionSort.csproj", "{6576C390-3D5A-4E1C-928C-DFABE7E5AE4A}"
EndProject
Project("{FAE04EC0-301F-11D3-BF4B-00C04F79EFBC}") = "Client", "Client\Client.csproj", "{A11E4ED0-1AA2-4EEC-8283-746872FAD59C}"
	ProjectSection(ProjectDependencies) = postProject
		{CAB7AA9F-CBC4-494C-A709-86328BDE0213} = {CAB7AA9F-CBC4-494C-A709-86328BDE0213}
	EndProjectSection
EndProject
Project("{FAE04EC0-301F-11D3-BF4B-00C04F79EFBC}") = "WCFSorter", "WCFSorter\WCFSorter.csproj", "{CAB7AA9F-CBC4-494C-A709-86328BDE0213}"
EndProject
Project("{FAE04EC0-301F-11D3-BF4B-00C04F79EFBC}") = "Server", "Server\Server.csproj", "{B62C736F-7D39-46C1-83ED-70F1B69DB960}"
EndProject
Project("{FAE04EC0-301F-11D3-BF4B-00C04F79EFBC}") = "test", "test\test.csproj", "{5A11F039-3D99-4899-B5CA-B4351554EA55}"
EndProject
Global
	GlobalSection(SolutionConfigurationPlatforms) = preSolution
		Debug|Any CPU = Debug|Any CPU
		Release|Any CPU = Release|Any CPU
	EndGlobalSection
	GlobalSection(ProjectConfigurationPlatforms) = postSolution
		{AD688AD5-50E6-47B9-AE80-9C6D8695BFBC}.Debug|Any CPU.ActiveCfg = Debug|Any CPU
		{AD688AD5-50E6-47B9-AE80-9C6D8695BFBC}.Debug|Any CPU.Build.0 = Debug|Any CPU
		{AD688AD5-50E6-47B9-AE80-9C6D8695BFBC}.Release|Any CPU.ActiveCfg = Release|Any CPU
		{AD688AD5-50E6-47B9-AE80-9C6D8695BFBC}.Release|Any CPU.Build.0 = Release|Any CPU
		{E8D71688-7BA8-42F1-9E4E-E9B3BCF60AF1}.Debug|Any CPU.ActiveCfg = Debug|Any CPU
		{E8D71688-7BA8-42F1-9E4E-E9B3BCF60AF1}.Debug|Any CPU.Build.0 = Debug|Any CPU
		{E8D71688-7BA8-42F1-9E4E-E9B3BCF60AF1}.Release|Any CPU.ActiveCfg = Release|Any CPU
		{E8D71688-7BA8-42F1-9E4E-E9B3BCF60AF1}.Release|Any CPU.Build.0 = Release|Any CPU
		{6576C390-3D5A-4E1C-928C-DFABE7E5AE4A}.Debug|Any CPU.ActiveCfg = Debug|Any CPU
		{6576C390-3D5A-4E1C-928C-DFABE7E5AE4A}.Debug|Any CPU.Build.0 = Debug|Any CPU
		{6576C390-3D5A-4E1C-928C-DFABE7E5AE4A}.Release|Any CPU.ActiveCfg = Release|Any CPU
		{6576C390-3D5A-4E1C-928C-DFABE7E5AE4A}.Release|Any CPU.Build.0 = Release|Any CPU
		{A11E4ED0-1AA2-4EEC-8283-746872FAD59C}.Debug|Any CPU.ActiveCfg = Debug|Any CPU
		{A11E4ED0-1AA2-4EEC-8283-746872FAD59C}.Debug|Any CPU.Build.0 = Debug|Any CPU
		{A11E4ED0-1AA2-4EEC-8283-746872FAD59C}.Release|Any CPU.ActiveCfg = Release|Any CPU
		{A11E4ED0-1AA2-4EEC-8283-746872FAD59C}.Release|Any CPU.Build.0 = Release|Any CPU
		{CAB7AA9F-CBC4-494C-A709-86328BDE0213}.Debug|Any CPU.ActiveCfg = Debug|Any CPU
		{CAB7AA9F-CBC4-494C-A709-86328BDE0213}.Debug|Any CPU.Build.0 = Debug|Any CPU
		{CAB7AA9F-CBC4-494C-A709-86328BDE0213}.Release|Any CPU.ActiveCfg = Release|Any CPU
		{CAB7AA9F-CBC4-494C-A709-86328BDE0213}.Release|Any CPU.Build.0 = Release|Any CPU
		{B62C736F-7D39-46C1-83ED-70F1B69DB960}.Debug|Any CPU.ActiveCfg = Debug|Any CPU
		{B62C736F-7D39-46C1-83ED-70F1B69DB960}.Debug|Any CPU.Build.0 = Debug|Any CPU
		{B62C736F-7D39-46C1-83ED-70F1B69DB960}.Release|Any CPU.ActiveCfg = Release|Any CPU
		{B62C736F-7D39-46C1-83ED-70F1B69DB960}.Release|Any CPU.Build.0 = Release|Any CPU
		{5A11F039-3D99-4899-B5CA-B4351554EA55}.Debug|Any CPU.ActiveCfg = Debug|Any CPU
		{5A11F039-3D99-4899-B5CA-B4351554EA55}.Debug|Any CPU.Build.0 = Debug|Any CPU
		{5A11F039-3D99-4899-B5CA-B4351554EA55}.Release|Any CPU.ActiveCfg = Release|Any CPU
		{5A11F039-3D99-4899-B5CA-B4351554EA55}.Release|Any CPU.Build.0 = Release|Any CPU
	EndGlobalSection
	GlobalSection(SolutionProperties) = preSolution
		HideSolutionNode = FALSE
	EndGlobalSection
EndGlobal
